
Microsoft Visual Studio Solution File, Format Version 11.00
# Visual Studio 2010
Project("{FAE04EC0-301F-11D3-BF4B-00C04F79EFBC}") = "UnityEngine.UI", "UnityEngine.UI.csproj", "{E03B07C6-6F1F-B31F-3EDD-335BB1B1D375}"
EndProject
Project("{FAE04EC0-301F-11D3-BF4B-00C04F79EFBC}") = "UnityEngine.TestRunner", "UnityEngine.TestRunner.csproj", "{0CA327D6-18EF-2DC0-CA2B-8FBCB1381FEA}"
EndProject
Project("{FAE04EC0-301F-11D3-BF4B-00C04F79EFBC}") = "Unity.Mathematics", "Unity.Mathematics.csproj", "{230A8F12-D57F-5E48-167A-0B6CF00CB25F}"
EndProject
Project("{FAE04EC0-301F-11D3-BF4B-00C04F79EFBC}") = "UnityEngine.XR.LegacyInputHelpers", "UnityEngine.XR.LegacyInputHelpers.csproj", "{BCD4B1DC-1EFC-9869-9493-2FE52D89B811}"
EndProject
Project("{FAE04EC0-301F-11D3-BF4B-00C04F79EFBC}") = "Unity.2D.Animation.Triangle.Runtime", "Unity.2D.Animation.Triangle.Runtime.csproj", "{8E368B7F-7E5E-FBF3-BE2F-D8C54BD23CB1}"
EndProject
Project("{FAE04EC0-301F-11D3-BF4B-00C04F79EFBC}") = "UnityEngine.UI.Tests", "UnityEngine.UI.Tests.csproj", "{F4F54595-EF5D-63EF-6B01-9291DFEAA0F0}"
EndProject
Project("{FAE04EC0-301F-11D3-BF4B-00C04F79EFBC}") = "Unity.Timeline", "Unity.Timeline.csproj", "{31C164BD-53B1-2922-B77E-F87062193C74}"
EndProject
Project("{FAE04EC0-301F-11D3-BF4B-00C04F79EFBC}") = "UnityEngine.Purchasing.WinRTCore", "UnityEngine.Purchasing.WinRTCore.csproj", "{748C2209-23FE-6C90-F62F-8B4FA1BF7BE3}"
EndProject
Project("{FAE04EC0-301F-11D3-BF4B-00C04F79EFBC}") = "UnityEngine.Monetization", "UnityEngine.Monetization.csproj", "{3F5CCC2F-44D0-85DE-6388-B4685063F5D6}"
EndProject
Project("{FAE04EC0-301F-11D3-BF4B-00C04F79EFBC}") = "UnityEngine.Purchasing.SecurityCore", "UnityEngine.Purchasing.SecurityCore.csproj", "{989ECE3B-F8F7-B1CB-CF45-D2BF117998BB}"
EndProject
Project("{FAE04EC0-301F-11D3-BF4B-00C04F79EFBC}") = "Unity.TextMeshPro", "Unity.TextMeshPro.csproj", "{9351FBAC-E2F3-B8FD-15AD-3AEA0ABA86F1}"
EndProject
Project("{FAE04EC0-301F-11D3-BF4B-00C04F79EFBC}") = "UnityEngine.Purchasing", "UnityEngine.Purchasing.csproj", "{A8F5073F-DDA1-5130-EF57-31EAD7FECC73}"
EndProject
Project("{FAE04EC0-301F-11D3-BF4B-00C04F79EFBC}") = "UnityEngine.Purchasing.AppleCore", "UnityEngine.Purchasing.AppleCore.csproj", "{64032F2B-017D-042E-1892-DB281208FB03}"
EndProject
Project("{FAE04EC0-301F-11D3-BF4B-00C04F79EFBC}") = "UnityEngine.Purchasing.Stores", "UnityEngine.Purchasing.Stores.csproj", "{10EB2DE7-850D-5FD5-BCCB-07DE3F9AD670}"
EndProject
Project("{FAE04EC0-301F-11D3-BF4B-00C04F79EFBC}") = "Unity.2D.Animation.Runtime", "Unity.2D.Animation.Runtime.csproj", "{157C4A64-EB4C-30C7-3576-575BC72DE31E}"
EndProject
Project("{FAE04EC0-301F-11D3-BF4B-00C04F79EFBC}") = "UnityEngine.Advertisements", "UnityEngine.Advertisements.csproj", "{52EB8A8A-B981-B5C2-DB10-4006EAF91806}"
EndProject
Project("{FAE04EC0-301F-11D3-BF4B-00C04F79EFBC}") = "Unity.2D.IK.Runtime", "Unity.2D.IK.Runtime.csproj", "{20FED59F-F976-79B4-A993-7C65EBFF9A29}"
EndProject
Project("{FAE04EC0-301F-11D3-BF4B-00C04F79EFBC}") = "UnityEngine.Advertisements.Tests", "UnityEngine.Advertisements.Tests.csproj", "{203B02FA-7E19-E8A5-DF73-F5C6EFC57938}"
EndProject
Project("{FAE04EC0-301F-11D3-BF4B-00C04F79EFBC}") = "UnityEngine.Purchasing.SecurityStub", "UnityEngine.Purchasing.SecurityStub.csproj", "{7655F9A5-93AF-C1CB-66BB-0B78F4B59A92}"
EndProject
Project("{FAE04EC0-301F-11D3-BF4B-00C04F79EFBC}") = "Assembly-CSharp", "Assembly-CSharp.csproj", "{30F9A17B-C3F0-5231-73BA-60693F7043E3}"
EndProject
Project("{FAE04EC0-301F-11D3-BF4B-00C04F79EFBC}") = "Purchasing.Common", "Purchasing.Common.csproj", "{74D416D3-75F4-B418-FC03-B363762EE685}"
EndProject
Project("{FAE04EC0-301F-11D3-BF4B-00C04F79EFBC}") = "Unity.Analytics.DataPrivacy.Tests", "Unity.Analytics.DataPrivacy.Tests.csproj", "{918B40A3-5A8D-78AE-ADB4-C1421C939F8B}"
EndProject
Project("{FAE04EC0-301F-11D3-BF4B-00C04F79EFBC}") = "UnityEngine.Purchasing.Codeless", "UnityEngine.Purchasing.Codeless.csproj", "{C7AC6652-BAAD-403B-179B-134EDAC2D44E}"
EndProject
Project("{FAE04EC0-301F-11D3-BF4B-00C04F79EFBC}") = "UnityEngine.Purchasing.WinRTStub", "UnityEngine.Purchasing.WinRTStub.csproj", "{DF53195F-758D-C489-340F-AE84FFF8F6F1}"
EndProject
Project("{FAE04EC0-301F-11D3-BF4B-00C04F79EFBC}") = "UnityEngine.Purchasing.AppleStub", "UnityEngine.Purchasing.AppleStub.csproj", "{6C179D28-7E2D-E1A9-E771-D178E8DAE6E7}"
EndProject
Project("{FAE04EC0-301F-11D3-BF4B-00C04F79EFBC}") = "UnityEngine.Purchasing.AppleMacosStub", "UnityEngine.Purchasing.AppleMacosStub.csproj", "{8C992BAB-DBD9-5F62-C7D8-86866C08B67A}"
EndProject
Project("{FAE04EC0-301F-11D3-BF4B-00C04F79EFBC}") = "UnityEngine.SpatialTracking.Tests", "UnityEngine.SpatialTracking.Tests.csproj", "{D664DD1A-5D98-CFB4-0CDE-898C21C8D787}"
EndProject
Project("{FAE04EC0-301F-11D3-BF4B-00C04F79EFBC}") = "Unity.2D.Common.Runtime", "Unity.2D.Common.Runtime.csproj", "{33F1714F-D04D-AFCC-20D5-C4F20AD57493}"
EndProject
Project("{FAE04EC0-301F-11D3-BF4B-00C04F79EFBC}") = "Unity.TextMeshPro.Tests", "Unity.TextMeshPro.Tests.csproj", "{D17F03A0-F079-1851-851A-96D9EBE2A2D5}"
EndProject
Project("{FAE04EC0-301F-11D3-BF4B-00C04F79EFBC}") = "UnityEngine.SpatialTracking", "UnityEngine.SpatialTracking.csproj", "{B4CAF7A6-A557-CB37-99D5-F21441A79293}"
EndProject
Project("{FAE04EC0-301F-11D3-BF4B-00C04F79EFBC}") = "Unity.InternalAPIEngineBridge.001", "Unity.InternalAPIEngineBridge.001.csproj", "{9461FFE7-B169-02D6-564F-D3DE6F4023A2}"
EndProject
Project("{FAE04EC0-301F-11D3-BF4B-00C04F79EFBC}") = "Unity.Analytics.DataPrivacy", "Unity.Analytics.DataPrivacy.csproj", "{7B7BDAA1-99F8-3930-8C25-75B2454069E2}"
EndProject
Project("{FAE04EC0-301F-11D3-BF4B-00C04F79EFBC}") = "UnityEditor.TestRunner", "UnityEditor.TestRunner.csproj", "{F906345D-3E52-4C77-7251-D607C62CC95A}"
EndProject
Project("{FAE04EC0-301F-11D3-BF4B-00C04F79EFBC}") = "Unity.PlasticSCM.Editor", "Unity.PlasticSCM.Editor.csproj", "{C1758CA8-769E-AACD-A98D-2094BBD481BE}"
EndProject
Project("{FAE04EC0-301F-11D3-BF4B-00C04F79EFBC}") = "UnityEditor.UI", "UnityEditor.UI.csproj", "{E01C7554-46D1-3B63-A167-F23A3EE75137}"
EndProject
Project("{FAE04EC0-301F-11D3-BF4B-00C04F79EFBC}") = "Unity.Services.Core.Editor", "Unity.Services.Core.Editor.csproj", "{93103F31-ABD3-82A0-9B99-FE77C01BA64D}"
EndProject
Project("{FAE04EC0-301F-11D3-BF4B-00C04F79EFBC}") = "Unity.Timeline.Editor", "Unity.Timeline.Editor.csproj", "{9DA5E319-0B6E-0F65-5366-A04F498564B1}"
EndProject
Project("{FAE04EC0-301F-11D3-BF4B-00C04F79EFBC}") = "Unity.VisualStudio.Editor", "Unity.VisualStudio.Editor.csproj", "{2F5E1B82-51BD-34CD-465C-330840CD657B}"
EndProject
Project("{FAE04EC0-301F-11D3-BF4B-00C04F79EFBC}") = "UnityEngine.Advertisements.Editor", "UnityEngine.Advertisements.Editor.csproj", "{94DB0CEF-72FB-F6D7-57E4-82D3F4C0B9A4}"
EndProject
Project("{FAE04EC0-301F-11D3-BF4B-00C04F79EFBC}") = "Unity.2D.Animation.Editor", "Unity.2D.Animation.Editor.csproj", "{63FD2E66-8634-4689-312B-120200802891}"
EndProject
Project("{FAE04EC0-301F-11D3-BF4B-00C04F79EFBC}") = "Unity.TextMeshPro.Editor", "Unity.TextMeshPro.Editor.csproj", "{3605E0C8-93E2-E2A5-B3A1-C78FAFFCF33C}"
EndProject
Project("{FAE04EC0-301F-11D3-BF4B-00C04F79EFBC}") = "Unity.CollabProxy.Editor", "Unity.CollabProxy.Editor.csproj", "{B0AA6384-44E1-FB3C-7BB0-BEC902149B88}"
EndProject
Project("{FAE04EC0-301F-11D3-BF4B-00C04F79EFBC}") = "DocCodeExamples", "DocCodeExamples.csproj", "{DA4CEFC5-1DDC-97A6-365B-A0FB6691E45B}"
EndProject
Project("{FAE04EC0-301F-11D3-BF4B-00C04F79EFBC}") = "UnityEditor.Purchasing", "UnityEditor.Purchasing.csproj", "{6F07C875-103C-B5B2-5B40-032E248DD9B3}"
EndProject
Project("{FAE04EC0-301F-11D3-BF4B-00C04F79EFBC}") = "Unity.Mathematics.Tests", "Unity.Mathematics.Tests.csproj", "{413D6DE5-98E8-4A15-623C-712644102DAD}"
EndProject
Project("{FAE04EC0-301F-11D3-BF4B-00C04F79EFBC}") = "Unity.PlasticSCM.EditorTests", "Unity.PlasticSCM.EditorTests.csproj", "{42AB1515-A5CC-DE29-0A46-6F9E374444B5}"
EndProject
Project("{FAE04EC0-301F-11D3-BF4B-00C04F79EFBC}") = "Unity.Rider.Editor", "Unity.Rider.Editor.csproj", "{0E2ED0F1-EDE2-3D27-E615-C26E011AA8A5}"
EndProject
Project("{FAE04EC0-301F-11D3-BF4B-00C04F79EFBC}") = "UnityEditor.UI.EditorTests", "UnityEditor.UI.EditorTests.csproj", "{A5BC7C8F-B7C5-1DE6-0B27-5A7AEAB88624}"
EndProject
Project("{FAE04EC0-301F-11D3-BF4B-00C04F79EFBC}") = "Unity.Analytics.StandardEvents.EditorTests", "Unity.Analytics.StandardEvents.EditorTests.csproj", "{23119799-A2C6-DD97-2F63-D0BE2996EDC5}"
EndProject
Project("{FAE04EC0-301F-11D3-BF4B-00C04F79EFBC}") = "Unity.CollabProxy.EditorTests", "Unity.CollabProxy.EditorTests.csproj", "{C6424825-F1BA-7D67-5A9B-CE5E92CDB0C6}"
EndProject
Project("{FAE04EC0-301F-11D3-BF4B-00C04F79EFBC}") = "UnityEngine.Advertisements.DevX.Editor", "UnityEngine.Advertisements.DevX.Editor.csproj", "{F4AD3984-ED64-15C7-D577-9A2EEBB7003C}"
EndProject
Project("{FAE04EC0-301F-11D3-BF4B-00C04F79EFBC}") = "UnityEditor.XR.LegacyInputHelpers", "UnityEditor.XR.LegacyInputHelpers.csproj", "{CB78B38A-C96B-C2C3-6DEB-A50E1AB81EAC}"
EndProject
Project("{FAE04EC0-301F-11D3-BF4B-00C04F79EFBC}") = "Unity.2D.IK.Editor", "Unity.2D.IK.Editor.csproj", "{0003DCDA-F3F9-33EB-97C6-09B06BC6F3AC}"
EndProject
Project("{FAE04EC0-301F-11D3-BF4B-00C04F79EFBC}") = "UnityEngine.Advertisements.Editor.Tests", "UnityEngine.Advertisements.Editor.Tests.csproj", "{054D91F9-BA26-3F6B-2A1C-EA27245E7D2F}"
EndProject
Project("{FAE04EC0-301F-11D3-BF4B-00C04F79EFBC}") = "Unity.2D.Sprite.Editor", "Unity.2D.Sprite.Editor.csproj", "{3093A8D4-5D97-ED40-DD0B-989594BEEBE1}"
EndProject
Project("{FAE04EC0-301F-11D3-BF4B-00C04F79EFBC}") = "Unity.2D.Tilemap.Editor", "Unity.2D.Tilemap.Editor.csproj", "{5BFC9861-D6F5-F737-4FE2-27F17446BBCE}"
EndProject
Project("{FAE04EC0-301F-11D3-BF4B-00C04F79EFBC}") = "Unity.VSCode.Editor", "Unity.VSCode.Editor.csproj", "{FC6180C1-3739-FFF5-9BC9-AD9FCE0DB0C5}"
EndProject
Project("{FAE04EC0-301F-11D3-BF4B-00C04F79EFBC}") = "UnityEditor.SpatialTracking", "UnityEditor.SpatialTracking.csproj", "{386758A1-1A1C-706E-4829-E34936D365DE}"
EndProject
Project("{FAE04EC0-301F-11D3-BF4B-00C04F79EFBC}") = "Unity.2D.Common.Editor", "Unity.2D.Common.Editor.csproj", "{0EEF803E-38C0-B05D-7A33-9381A4AFB72D}"
EndProject
Project("{FAE04EC0-301F-11D3-BF4B-00C04F79EFBC}") = "Unity.Mathematics.Editor", "Unity.Mathematics.Editor.csproj", "{75AF4D22-0551-ECC9-ECFB-6949B2F3CD73}"
EndProject
Project("{FAE04EC0-301F-11D3-BF4B-00C04F79EFBC}") = "Unity.2D.Common.EditorTests", "Unity.2D.Common.EditorTests.csproj", "{17A729B6-1BA4-6DD8-1644-D11240A3B7E0}"
EndProject
Project("{FAE04EC0-301F-11D3-BF4B-00C04F79EFBC}") = "Analytics", "Analytics.csproj", "{CAD99649-F6E4-55BE-E559-0F2E4D46EDF3}"
EndProject
Project("{FAE04EC0-301F-11D3-BF4B-00C04F79EFBC}") = "Unity.InternalAPIEditorBridge.001", "Unity.InternalAPIEditorBridge.001.csproj", "{097FB1FC-71A3-DA25-5D02-F148F1ECBACF}"
EndProject
Project("{FAE04EC0-301F-11D3-BF4B-00C04F79EFBC}") = "UnityEngine.Monetization.Editor.Tests", "UnityEngine.Monetization.Editor.Tests.csproj", "{155E7EC5-491F-6262-352E-92026DD189BA}"
EndProject
Project("{FAE04EC0-301F-11D3-BF4B-00C04F79EFBC}") = "Unity.2D.Tilemap.Package.EditorTests", "Unity.2D.Tilemap.Package.EditorTests.csproj", "{2CBB4B97-3B35-9579-6B94-1E56762B6BCA}"
EndProject
Project("{FAE04EC0-301F-11D3-BF4B-00C04F79EFBC}") = "UnityEditor.XR.LegacyInputHelpers.Tests", "UnityEditor.XR.LegacyInputHelpers.Tests.csproj", "{170DC140-8C29-93FF-D103-5DB6A8076594}"
EndProject
Project("{FAE04EC0-301F-11D3-BF4B-00C04F79EFBC}") = "Unity.2D.Sprite.Package.EditorTests", "Unity.2D.Sprite.Package.EditorTests.csproj", "{8FFBAF36-986B-E068-E5B9-B95242EE040C}"
EndProject
Project("{FAE04EC0-301F-11D3-BF4B-00C04F79EFBC}") = "Unity.Nuget.NewtonsoftJson.EditorTests", "Unity.Nuget.NewtonsoftJson.EditorTests.csproj", "{F5007257-D876-A739-2912-467F8485B200}"
EndProject
Project("{FAE04EC0-301F-11D3-BF4B-00C04F79EFBC}") = "Unity.TextMeshPro.Editor.Tests", "Unity.TextMeshPro.Editor.Tests.csproj", "{DD47F8C0-81FA-5028-5F01-63D5C64E5D62}"
EndProject
Project("{FAE04EC0-301F-11D3-BF4B-00C04F79EFBC}") = "Unity.2D.Animation.EditorTests", "Unity.2D.Animation.EditorTests.csproj", "{746EB93E-4451-075B-F48C-39ABF5E78737}"
EndProject
Global
	GlobalSection(SolutionConfigurationPlatforms) = preSolution
		Debug|Any CPU = Debug|Any CPU
		Release|Any CPU = Release|Any CPU
	EndGlobalSection
	GlobalSection(ProjectConfigurationPlatforms) = postSolution
		{E03B07C6-6F1F-B31F-3EDD-335BB1B1D375}.Debug|Any CPU.ActiveCfg = Debug|Any CPU
		{E03B07C6-6F1F-B31F-3EDD-335BB1B1D375}.Debug|Any CPU.Build.0 = Debug|Any CPU
		{E03B07C6-6F1F-B31F-3EDD-335BB1B1D375}.Release|Any CPU.ActiveCfg = Release|Any CPU
		{E03B07C6-6F1F-B31F-3EDD-335BB1B1D375}.Release|Any CPU.Build.0 = Release|Any CPU
		{0CA327D6-18EF-2DC0-CA2B-8FBCB1381FEA}.Debug|Any CPU.ActiveCfg = Debug|Any CPU
		{0CA327D6-18EF-2DC0-CA2B-8FBCB1381FEA}.Debug|Any CPU.Build.0 = Debug|Any CPU
		{0CA327D6-18EF-2DC0-CA2B-8FBCB1381FEA}.Release|Any CPU.ActiveCfg = Release|Any CPU
		{0CA327D6-18EF-2DC0-CA2B-8FBCB1381FEA}.Release|Any CPU.Build.0 = Release|Any CPU
		{230A8F12-D57F-5E48-167A-0B6CF00CB25F}.Debug|Any CPU.ActiveCfg = Debug|Any CPU
		{230A8F12-D57F-5E48-167A-0B6CF00CB25F}.Debug|Any CPU.Build.0 = Debug|Any CPU
		{230A8F12-D57F-5E48-167A-0B6CF00CB25F}.Release|Any CPU.ActiveCfg = Release|Any CPU
		{230A8F12-D57F-5E48-167A-0B6CF00CB25F}.Release|Any CPU.Build.0 = Release|Any CPU
		{BCD4B1DC-1EFC-9869-9493-2FE52D89B811}.Debug|Any CPU.ActiveCfg = Debug|Any CPU
		{BCD4B1DC-1EFC-9869-9493-2FE52D89B811}.Debug|Any CPU.Build.0 = Debug|Any CPU
		{BCD4B1DC-1EFC-9869-9493-2FE52D89B811}.Release|Any CPU.ActiveCfg = Release|Any CPU
		{BCD4B1DC-1EFC-9869-9493-2FE52D89B811}.Release|Any CPU.Build.0 = Release|Any CPU
		{8E368B7F-7E5E-FBF3-BE2F-D8C54BD23CB1}.Debug|Any CPU.ActiveCfg = Debug|Any CPU
		{8E368B7F-7E5E-FBF3-BE2F-D8C54BD23CB1}.Debug|Any CPU.Build.0 = Debug|Any CPU
		{8E368B7F-7E5E-FBF3-BE2F-D8C54BD23CB1}.Release|Any CPU.ActiveCfg = Release|Any CPU
		{8E368B7F-7E5E-FBF3-BE2F-D8C54BD23CB1}.Release|Any CPU.Build.0 = Release|Any CPU
		{F4F54595-EF5D-63EF-6B01-9291DFEAA0F0}.Debug|Any CPU.ActiveCfg = Debug|Any CPU
		{F4F54595-EF5D-63EF-6B01-9291DFEAA0F0}.Debug|Any CPU.Build.0 = Debug|Any CPU
		{F4F54595-EF5D-63EF-6B01-9291DFEAA0F0}.Release|Any CPU.ActiveCfg = Release|Any CPU
		{F4F54595-EF5D-63EF-6B01-9291DFEAA0F0}.Release|Any CPU.Build.0 = Release|Any CPU
		{31C164BD-53B1-2922-B77E-F87062193C74}.Debug|Any CPU.ActiveCfg = Debug|Any CPU
		{31C164BD-53B1-2922-B77E-F87062193C74}.Debug|Any CPU.Build.0 = Debug|Any CPU
		{31C164BD-53B1-2922-B77E-F87062193C74}.Release|Any CPU.ActiveCfg = Release|Any CPU
		{31C164BD-53B1-2922-B77E-F87062193C74}.Release|Any CPU.Build.0 = Release|Any CPU
		{748C2209-23FE-6C90-F62F-8B4FA1BF7BE3}.Debug|Any CPU.ActiveCfg = Debug|Any CPU
		{748C2209-23FE-6C90-F62F-8B4FA1BF7BE3}.Debug|Any CPU.Build.0 = Debug|Any CPU
		{748C2209-23FE-6C90-F62F-8B4FA1BF7BE3}.Release|Any CPU.ActiveCfg = Release|Any CPU
		{748C2209-23FE-6C90-F62F-8B4FA1BF7BE3}.Release|Any CPU.Build.0 = Release|Any CPU
		{3F5CCC2F-44D0-85DE-6388-B4685063F5D6}.Debug|Any CPU.ActiveCfg = Debug|Any CPU
		{3F5CCC2F-44D0-85DE-6388-B4685063F5D6}.Debug|Any CPU.Build.0 = Debug|Any CPU
		{3F5CCC2F-44D0-85DE-6388-B4685063F5D6}.Release|Any CPU.ActiveCfg = Release|Any CPU
		{3F5CCC2F-44D0-85DE-6388-B4685063F5D6}.Release|Any CPU.Build.0 = Release|Any CPU
		{989ECE3B-F8F7-B1CB-CF45-D2BF117998BB}.Debug|Any CPU.ActiveCfg = Debug|Any CPU
		{989ECE3B-F8F7-B1CB-CF45-D2BF117998BB}.Debug|Any CPU.Build.0 = Debug|Any CPU
		{989ECE3B-F8F7-B1CB-CF45-D2BF117998BB}.Release|Any CPU.ActiveCfg = Release|Any CPU
		{989ECE3B-F8F7-B1CB-CF45-D2BF117998BB}.Release|Any CPU.Build.0 = Release|Any CPU
		{9351FBAC-E2F3-B8FD-15AD-3AEA0ABA86F1}.Debug|Any CPU.ActiveCfg = Debug|Any CPU
		{9351FBAC-E2F3-B8FD-15AD-3AEA0ABA86F1}.Debug|Any CPU.Build.0 = Debug|Any CPU
		{9351FBAC-E2F3-B8FD-15AD-3AEA0ABA86F1}.Release|Any CPU.ActiveCfg = Release|Any CPU
		{9351FBAC-E2F3-B8FD-15AD-3AEA0ABA86F1}.Release|Any CPU.Build.0 = Release|Any CPU
		{A8F5073F-DDA1-5130-EF57-31EAD7FECC73}.Debug|Any CPU.ActiveCfg = Debug|Any CPU
		{A8F5073F-DDA1-5130-EF57-31EAD7FECC73}.Debug|Any CPU.Build.0 = Debug|Any CPU
		{A8F5073F-DDA1-5130-EF57-31EAD7FECC73}.Release|Any CPU.ActiveCfg = Release|Any CPU
		{A8F5073F-DDA1-5130-EF57-31EAD7FECC73}.Release|Any CPU.Build.0 = Release|Any CPU
		{64032F2B-017D-042E-1892-DB281208FB03}.Debug|Any CPU.ActiveCfg = Debug|Any CPU
		{64032F2B-017D-042E-1892-DB281208FB03}.Debug|Any CPU.Build.0 = Debug|Any CPU
		{64032F2B-017D-042E-1892-DB281208FB03}.Release|Any CPU.ActiveCfg = Release|Any CPU
		{64032F2B-017D-042E-1892-DB281208FB03}.Release|Any CPU.Build.0 = Release|Any CPU
		{10EB2DE7-850D-5FD5-BCCB-07DE3F9AD670}.Debug|Any CPU.ActiveCfg = Debug|Any CPU
		{10EB2DE7-850D-5FD5-BCCB-07DE3F9AD670}.Debug|Any CPU.Build.0 = Debug|Any CPU
		{10EB2DE7-850D-5FD5-BCCB-07DE3F9AD670}.Release|Any CPU.ActiveCfg = Release|Any CPU
		{10EB2DE7-850D-5FD5-BCCB-07DE3F9AD670}.Release|Any CPU.Build.0 = Release|Any CPU
		{157C4A64-EB4C-30C7-3576-575BC72DE31E}.Debug|Any CPU.ActiveCfg = Debug|Any CPU
		{157C4A64-EB4C-30C7-3576-575BC72DE31E}.Debug|Any CPU.Build.0 = Debug|Any CPU
		{157C4A64-EB4C-30C7-3576-575BC72DE31E}.Release|Any CPU.ActiveCfg = Release|Any CPU
		{157C4A64-EB4C-30C7-3576-575BC72DE31E}.Release|Any CPU.Build.0 = Release|Any CPU
		{52EB8A8A-B981-B5C2-DB10-4006EAF91806}.Debug|Any CPU.ActiveCfg = Debug|Any CPU
		{52EB8A8A-B981-B5C2-DB10-4006EAF91806}.Debug|Any CPU.Build.0 = Debug|Any CPU
		{52EB8A8A-B981-B5C2-DB10-4006EAF91806}.Release|Any CPU.ActiveCfg = Release|Any CPU
		{52EB8A8A-B981-B5C2-DB10-4006EAF91806}.Release|Any CPU.Build.0 = Release|Any CPU
		{20FED59F-F976-79B4-A993-7C65EBFF9A29}.Debug|Any CPU.ActiveCfg = Debug|Any CPU
		{20FED59F-F976-79B4-A993-7C65EBFF9A29}.Debug|Any CPU.Build.0 = Debug|Any CPU
		{20FED59F-F976-79B4-A993-7C65EBFF9A29}.Release|Any CPU.ActiveCfg = Release|Any CPU
		{20FED59F-F976-79B4-A993-7C65EBFF9A29}.Release|Any CPU.Build.0 = Release|Any CPU
		{203B02FA-7E19-E8A5-DF73-F5C6EFC57938}.Debug|Any CPU.ActiveCfg = Debug|Any CPU
		{203B02FA-7E19-E8A5-DF73-F5C6EFC57938}.Debug|Any CPU.Build.0 = Debug|Any CPU
		{203B02FA-7E19-E8A5-DF73-F5C6EFC57938}.Release|Any CPU.ActiveCfg = Release|Any CPU
		{203B02FA-7E19-E8A5-DF73-F5C6EFC57938}.Release|Any CPU.Build.0 = Release|Any CPU
		{7655F9A5-93AF-C1CB-66BB-0B78F4B59A92}.Debug|Any CPU.ActiveCfg = Debug|Any CPU
		{7655F9A5-93AF-C1CB-66BB-0B78F4B59A92}.Debug|Any CPU.Build.0 = Debug|Any CPU
		{7655F9A5-93AF-C1CB-66BB-0B78F4B59A92}.Release|Any CPU.ActiveCfg = Release|Any CPU
		{7655F9A5-93AF-C1CB-66BB-0B78F4B59A92}.Release|Any CPU.Build.0 = Release|Any CPU
		{30F9A17B-C3F0-5231-73BA-60693F7043E3}.Debug|Any CPU.ActiveCfg = Debug|Any CPU
		{30F9A17B-C3F0-5231-73BA-60693F7043E3}.Debug|Any CPU.Build.0 = Debug|Any CPU
		{30F9A17B-C3F0-5231-73BA-60693F7043E3}.Release|Any CPU.ActiveCfg = Release|Any CPU
		{30F9A17B-C3F0-5231-73BA-60693F7043E3}.Release|Any CPU.Build.0 = Release|Any CPU
		{74D416D3-75F4-B418-FC03-B363762EE685}.Debug|Any CPU.ActiveCfg = Debug|Any CPU
		{74D416D3-75F4-B418-FC03-B363762EE685}.Debug|Any CPU.Build.0 = Debug|Any CPU
		{74D416D3-75F4-B418-FC03-B363762EE685}.Release|Any CPU.ActiveCfg = Release|Any CPU
		{74D416D3-75F4-B418-FC03-B363762EE685}.Release|Any CPU.Build.0 = Release|Any CPU
		{918B40A3-5A8D-78AE-ADB4-C1421C939F8B}.Debug|Any CPU.ActiveCfg = Debug|Any CPU
		{918B40A3-5A8D-78AE-ADB4-C1421C939F8B}.Debug|Any CPU.Build.0 = Debug|Any CPU
		{918B40A3-5A8D-78AE-ADB4-C1421C939F8B}.Release|Any CPU.ActiveCfg = Release|Any CPU
		{918B40A3-5A8D-78AE-ADB4-C1421C939F8B}.Release|Any CPU.Build.0 = Release|Any CPU
		{C7AC6652-BAAD-403B-179B-134EDAC2D44E}.Debug|Any CPU.ActiveCfg = Debug|Any CPU
		{C7AC6652-BAAD-403B-179B-134EDAC2D44E}.Debug|Any CPU.Build.0 = Debug|Any CPU
		{C7AC6652-BAAD-403B-179B-134EDAC2D44E}.Release|Any CPU.ActiveCfg = Release|Any CPU
		{C7AC6652-BAAD-403B-179B-134EDAC2D44E}.Release|Any CPU.Build.0 = Release|Any CPU
		{DF53195F-758D-C489-340F-AE84FFF8F6F1}.Debug|Any CPU.ActiveCfg = Debug|Any CPU
		{DF53195F-758D-C489-340F-AE84FFF8F6F1}.Debug|Any CPU.Build.0 = Debug|Any CPU
		{DF53195F-758D-C489-340F-AE84FFF8F6F1}.Release|Any CPU.ActiveCfg = Release|Any CPU
		{DF53195F-758D-C489-340F-AE84FFF8F6F1}.Release|Any CPU.Build.0 = Release|Any CPU
		{6C179D28-7E2D-E1A9-E771-D178E8DAE6E7}.Debug|Any CPU.ActiveCfg = Debug|Any CPU
		{6C179D28-7E2D-E1A9-E771-D178E8DAE6E7}.Debug|Any CPU.Build.0 = Debug|Any CPU
		{6C179D28-7E2D-E1A9-E771-D178E8DAE6E7}.Release|Any CPU.ActiveCfg = Release|Any CPU
		{6C179D28-7E2D-E1A9-E771-D178E8DAE6E7}.Release|Any CPU.Build.0 = Release|Any CPU
		{8C992BAB-DBD9-5F62-C7D8-86866C08B67A}.Debug|Any CPU.ActiveCfg = Debug|Any CPU
		{8C992BAB-DBD9-5F62-C7D8-86866C08B67A}.Debug|Any CPU.Build.0 = Debug|Any CPU
		{8C992BAB-DBD9-5F62-C7D8-86866C08B67A}.Release|Any CPU.ActiveCfg = Release|Any CPU
		{8C992BAB-DBD9-5F62-C7D8-86866C08B67A}.Release|Any CPU.Build.0 = Release|Any CPU
		{D664DD1A-5D98-CFB4-0CDE-898C21C8D787}.Debug|Any CPU.ActiveCfg = Debug|Any CPU
		{D664DD1A-5D98-CFB4-0CDE-898C21C8D787}.Debug|Any CPU.Build.0 = Debug|Any CPU
		{D664DD1A-5D98-CFB4-0CDE-898C21C8D787}.Release|Any CPU.ActiveCfg = Release|Any CPU
		{D664DD1A-5D98-CFB4-0CDE-898C21C8D787}.Release|Any CPU.Build.0 = Release|Any CPU
		{33F1714F-D04D-AFCC-20D5-C4F20AD57493}.Debug|Any CPU.ActiveCfg = Debug|Any CPU
		{33F1714F-D04D-AFCC-20D5-C4F20AD57493}.Debug|Any CPU.Build.0 = Debug|Any CPU
		{33F1714F-D04D-AFCC-20D5-C4F20AD57493}.Release|Any CPU.ActiveCfg = Release|Any CPU
		{33F1714F-D04D-AFCC-20D5-C4F20AD57493}.Release|Any CPU.Build.0 = Release|Any CPU
		{D17F03A0-F079-1851-851A-96D9EBE2A2D5}.Debug|Any CPU.ActiveCfg = Debug|Any CPU
		{D17F03A0-F079-1851-851A-96D9EBE2A2D5}.Debug|Any CPU.Build.0 = Debug|Any CPU
		{D17F03A0-F079-1851-851A-96D9EBE2A2D5}.Release|Any CPU.ActiveCfg = Release|Any CPU
		{D17F03A0-F079-1851-851A-96D9EBE2A2D5}.Release|Any CPU.Build.0 = Release|Any CPU
		{B4CAF7A6-A557-CB37-99D5-F21441A79293}.Debug|Any CPU.ActiveCfg = Debug|Any CPU
		{B4CAF7A6-A557-CB37-99D5-F21441A79293}.Debug|Any CPU.Build.0 = Debug|Any CPU
		{B4CAF7A6-A557-CB37-99D5-F21441A79293}.Release|Any CPU.ActiveCfg = Release|Any CPU
		{B4CAF7A6-A557-CB37-99D5-F21441A79293}.Release|Any CPU.Build.0 = Release|Any CPU
		{9461FFE7-B169-02D6-564F-D3DE6F4023A2}.Debug|Any CPU.ActiveCfg = Debug|Any CPU
		{9461FFE7-B169-02D6-564F-D3DE6F4023A2}.Debug|Any CPU.Build.0 = Debug|Any CPU
		{9461FFE7-B169-02D6-564F-D3DE6F4023A2}.Release|Any CPU.ActiveCfg = Release|Any CPU
		{9461FFE7-B169-02D6-564F-D3DE6F4023A2}.Release|Any CPU.Build.0 = Release|Any CPU
		{7B7BDAA1-99F8-3930-8C25-75B2454069E2}.Debug|Any CPU.ActiveCfg = Debug|Any CPU
		{7B7BDAA1-99F8-3930-8C25-75B2454069E2}.Debug|Any CPU.Build.0 = Debug|Any CPU
		{7B7BDAA1-99F8-3930-8C25-75B2454069E2}.Release|Any CPU.ActiveCfg = Release|Any CPU
		{7B7BDAA1-99F8-3930-8C25-75B2454069E2}.Release|Any CPU.Build.0 = Release|Any CPU
		{F906345D-3E52-4C77-7251-D607C62CC95A}.Debug|Any CPU.ActiveCfg = Debug|Any CPU
		{F906345D-3E52-4C77-7251-D607C62CC95A}.Debug|Any CPU.Build.0 = Debug|Any CPU
		{F906345D-3E52-4C77-7251-D607C62CC95A}.Release|Any CPU.ActiveCfg = Release|Any CPU
		{F906345D-3E52-4C77-7251-D607C62CC95A}.Release|Any CPU.Build.0 = Release|Any CPU
		{C1758CA8-769E-AACD-A98D-2094BBD481BE}.Debug|Any CPU.ActiveCfg = Debug|Any CPU
		{C1758CA8-769E-AACD-A98D-2094BBD481BE}.Debug|Any CPU.Build.0 = Debug|Any CPU
		{C1758CA8-769E-AACD-A98D-2094BBD481BE}.Release|Any CPU.ActiveCfg = Release|Any CPU
		{C1758CA8-769E-AACD-A98D-2094BBD481BE}.Release|Any CPU.Build.0 = Release|Any CPU
		{E01C7554-46D1-3B63-A167-F23A3EE75137}.Debug|Any CPU.ActiveCfg = Debug|Any CPU
		{E01C7554-46D1-3B63-A167-F23A3EE75137}.Debug|Any CPU.Build.0 = Debug|Any CPU
		{E01C7554-46D1-3B63-A167-F23A3EE75137}.Release|Any CPU.ActiveCfg = Release|Any CPU
		{E01C7554-46D1-3B63-A167-F23A3EE75137}.Release|Any CPU.Build.0 = Release|Any CPU
		{93103F31-ABD3-82A0-9B99-FE77C01BA64D}.Debug|Any CPU.ActiveCfg = Debug|Any CPU
		{93103F31-ABD3-82A0-9B99-FE77C01BA64D}.Debug|Any CPU.Build.0 = Debug|Any CPU
		{93103F31-ABD3-82A0-9B99-FE77C01BA64D}.Release|Any CPU.ActiveCfg = Release|Any CPU
		{93103F31-ABD3-82A0-9B99-FE77C01BA64D}.Release|Any CPU.Build.0 = Release|Any CPU
		{9DA5E319-0B6E-0F65-5366-A04F498564B1}.Debug|Any CPU.ActiveCfg = Debug|Any CPU
		{9DA5E319-0B6E-0F65-5366-A04F498564B1}.Debug|Any CPU.Build.0 = Debug|Any CPU
		{9DA5E319-0B6E-0F65-5366-A04F498564B1}.Release|Any CPU.ActiveCfg = Release|Any CPU
		{9DA5E319-0B6E-0F65-5366-A04F498564B1}.Release|Any CPU.Build.0 = Release|Any CPU
		{2F5E1B82-51BD-34CD-465C-330840CD657B}.Debug|Any CPU.ActiveCfg = Debug|Any CPU
		{2F5E1B82-51BD-34CD-465C-330840CD657B}.Debug|Any CPU.Build.0 = Debug|Any CPU
		{2F5E1B82-51BD-34CD-465C-330840CD657B}.Release|Any CPU.ActiveCfg = Release|Any CPU
		{2F5E1B82-51BD-34CD-465C-330840CD657B}.Release|Any CPU.Build.0 = Release|Any CPU
		{94DB0CEF-72FB-F6D7-57E4-82D3F4C0B9A4}.Debug|Any CPU.ActiveCfg = Debug|Any CPU
		{94DB0CEF-72FB-F6D7-57E4-82D3F4C0B9A4}.Debug|Any CPU.Build.0 = Debug|Any CPU
		{94DB0CEF-72FB-F6D7-57E4-82D3F4C0B9A4}.Release|Any CPU.ActiveCfg = Release|Any CPU
		{94DB0CEF-72FB-F6D7-57E4-82D3F4C0B9A4}.Release|Any CPU.Build.0 = Release|Any CPU
		{63FD2E66-8634-4689-312B-120200802891}.Debug|Any CPU.ActiveCfg = Debug|Any CPU
		{63FD2E66-8634-4689-312B-120200802891}.Debug|Any CPU.Build.0 = Debug|Any CPU
		{63FD2E66-8634-4689-312B-120200802891}.Release|Any CPU.ActiveCfg = Release|Any CPU
		{63FD2E66-8634-4689-312B-120200802891}.Release|Any CPU.Build.0 = Release|Any CPU
		{3605E0C8-93E2-E2A5-B3A1-C78FAFFCF33C}.Debug|Any CPU.ActiveCfg = Debug|Any CPU
		{3605E0C8-93E2-E2A5-B3A1-C78FAFFCF33C}.Debug|Any CPU.Build.0 = Debug|Any CPU
		{3605E0C8-93E2-E2A5-B3A1-C78FAFFCF33C}.Release|Any CPU.ActiveCfg = Release|Any CPU
		{3605E0C8-93E2-E2A5-B3A1-C78FAFFCF33C}.Release|Any CPU.Build.0 = Release|Any CPU
		{B0AA6384-44E1-FB3C-7BB0-BEC902149B88}.Debug|Any CPU.ActiveCfg = Debug|Any CPU
		{B0AA6384-44E1-FB3C-7BB0-BEC902149B88}.Debug|Any CPU.Build.0 = Debug|Any CPU
		{B0AA6384-44E1-FB3C-7BB0-BEC902149B88}.Release|Any CPU.ActiveCfg = Release|Any CPU
		{B0AA6384-44E1-FB3C-7BB0-BEC902149B88}.Release|Any CPU.Build.0 = Release|Any CPU
		{DA4CEFC5-1DDC-97A6-365B-A0FB6691E45B}.Debug|Any CPU.ActiveCfg = Debug|Any CPU
		{DA4CEFC5-1DDC-97A6-365B-A0FB6691E45B}.Debug|Any CPU.Build.0 = Debug|Any CPU
		{DA4CEFC5-1DDC-97A6-365B-A0FB6691E45B}.Release|Any CPU.ActiveCfg = Release|Any CPU
		{DA4CEFC5-1DDC-97A6-365B-A0FB6691E45B}.Release|Any CPU.Build.0 = Release|Any CPU
		{6F07C875-103C-B5B2-5B40-032E248DD9B3}.Debug|Any CPU.ActiveCfg = Debug|Any CPU
		{6F07C875-103C-B5B2-5B40-032E248DD9B3}.Debug|Any CPU.Build.0 = Debug|Any CPU
		{6F07C875-103C-B5B2-5B40-032E248DD9B3}.Release|Any CPU.ActiveCfg = Release|Any CPU
		{6F07C875-103C-B5B2-5B40-032E248DD9B3}.Release|Any CPU.Build.0 = Release|Any CPU
		{413D6DE5-98E8-4A15-623C-712644102DAD}.Debug|Any CPU.ActiveCfg = Debug|Any CPU
		{413D6DE5-98E8-4A15-623C-712644102DAD}.Debug|Any CPU.Build.0 = Debug|Any CPU
		{413D6DE5-98E8-4A15-623C-712644102DAD}.Release|Any CPU.ActiveCfg = Release|Any CPU
		{413D6DE5-98E8-4A15-623C-712644102DAD}.Release|Any CPU.Build.0 = Release|Any CPU
		{42AB1515-A5CC-DE29-0A46-6F9E374444B5}.Debug|Any CPU.ActiveCfg = Debug|Any CPU
		{42AB1515-A5CC-DE29-0A46-6F9E374444B5}.Debug|Any CPU.Build.0 = Debug|Any CPU
		{42AB1515-A5CC-DE29-0A46-6F9E374444B5}.Release|Any CPU.ActiveCfg = Release|Any CPU
		{42AB1515-A5CC-DE29-0A46-6F9E374444B5}.Release|Any CPU.Build.0 = Release|Any CPU
		{0E2ED0F1-EDE2-3D27-E615-C26E011AA8A5}.Debug|Any CPU.ActiveCfg = Debug|Any CPU
		{0E2ED0F1-EDE2-3D27-E615-C26E011AA8A5}.Debug|Any CPU.Build.0 = Debug|Any CPU
		{0E2ED0F1-EDE2-3D27-E615-C26E011AA8A5}.Release|Any CPU.ActiveCfg = Release|Any CPU
		{0E2ED0F1-EDE2-3D27-E615-C26E011AA8A5}.Release|Any CPU.Build.0 = Release|Any CPU
		{A5BC7C8F-B7C5-1DE6-0B27-5A7AEAB88624}.Debug|Any CPU.ActiveCfg = Debug|Any CPU
		{A5BC7C8F-B7C5-1DE6-0B27-5A7AEAB88624}.Debug|Any CPU.Build.0 = Debug|Any CPU
		{A5BC7C8F-B7C5-1DE6-0B27-5A7AEAB88624}.Release|Any CPU.ActiveCfg = Release|Any CPU
		{A5BC7C8F-B7C5-1DE6-0B27-5A7AEAB88624}.Release|Any CPU.Build.0 = Release|Any CPU
		{23119799-A2C6-DD97-2F63-D0BE2996EDC5}.Debug|Any CPU.ActiveCfg = Debug|Any CPU
		{23119799-A2C6-DD97-2F63-D0BE2996EDC5}.Debug|Any CPU.Build.0 = Debug|Any CPU
		{23119799-A2C6-DD97-2F63-D0BE2996EDC5}.Release|Any CPU.ActiveCfg = Release|Any CPU
		{23119799-A2C6-DD97-2F63-D0BE2996EDC5}.Release|Any CPU.Build.0 = Release|Any CPU
		{C6424825-F1BA-7D67-5A9B-CE5E92CDB0C6}.Debug|Any CPU.ActiveCfg = Debug|Any CPU
		{C6424825-F1BA-7D67-5A9B-CE5E92CDB0C6}.Debug|Any CPU.Build.0 = Debug|Any CPU
		{C6424825-F1BA-7D67-5A9B-CE5E92CDB0C6}.Release|Any CPU.ActiveCfg = Release|Any CPU
		{C6424825-F1BA-7D67-5A9B-CE5E92CDB0C6}.Release|Any CPU.Build.0 = Release|Any CPU
		{F4AD3984-ED64-15C7-D577-9A2EEBB7003C}.Debug|Any CPU.ActiveCfg = Debug|Any CPU
		{F4AD3984-ED64-15C7-D577-9A2EEBB7003C}.Debug|Any CPU.Build.0 = Debug|Any CPU
		{F4AD3984-ED64-15C7-D577-9A2EEBB7003C}.Release|Any CPU.ActiveCfg = Release|Any CPU
		{F4AD3984-ED64-15C7-D577-9A2EEBB7003C}.Release|Any CPU.Build.0 = Release|Any CPU
		{CB78B38A-C96B-C2C3-6DEB-A50E1AB81EAC}.Debug|Any CPU.ActiveCfg = Debug|Any CPU
		{CB78B38A-C96B-C2C3-6DEB-A50E1AB81EAC}.Debug|Any CPU.Build.0 = Debug|Any CPU
		{CB78B38A-C96B-C2C3-6DEB-A50E1AB81EAC}.Release|Any CPU.ActiveCfg = Release|Any CPU
		{CB78B38A-C96B-C2C3-6DEB-A50E1AB81EAC}.Release|Any CPU.Build.0 = Release|Any CPU
		{0003DCDA-F3F9-33EB-97C6-09B06BC6F3AC}.Debug|Any CPU.ActiveCfg = Debug|Any CPU
		{0003DCDA-F3F9-33EB-97C6-09B06BC6F3AC}.Debug|Any CPU.Build.0 = Debug|Any CPU
		{0003DCDA-F3F9-33EB-97C6-09B06BC6F3AC}.Release|Any CPU.ActiveCfg = Release|Any CPU
		{0003DCDA-F3F9-33EB-97C6-09B06BC6F3AC}.Release|Any CPU.Build.0 = Release|Any CPU
		{054D91F9-BA26-3F6B-2A1C-EA27245E7D2F}.Debug|Any CPU.ActiveCfg = Debug|Any CPU
		{054D91F9-BA26-3F6B-2A1C-EA27245E7D2F}.Debug|Any CPU.Build.0 = Debug|Any CPU
		{054D91F9-BA26-3F6B-2A1C-EA27245E7D2F}.Release|Any CPU.ActiveCfg = Release|Any CPU
		{054D91F9-BA26-3F6B-2A1C-EA27245E7D2F}.Release|Any CPU.Build.0 = Release|Any CPU
		{3093A8D4-5D97-ED40-DD0B-989594BEEBE1}.Debug|Any CPU.ActiveCfg = Debug|Any CPU
		{3093A8D4-5D97-ED40-DD0B-989594BEEBE1}.Debug|Any CPU.Build.0 = Debug|Any CPU
		{3093A8D4-5D97-ED40-DD0B-989594BEEBE1}.Release|Any CPU.ActiveCfg = Release|Any CPU
		{3093A8D4-5D97-ED40-DD0B-989594BEEBE1}.Release|Any CPU.Build.0 = Release|Any CPU
		{5BFC9861-D6F5-F737-4FE2-27F17446BBCE}.Debug|Any CPU.ActiveCfg = Debug|Any CPU
		{5BFC9861-D6F5-F737-4FE2-27F17446BBCE}.Debug|Any CPU.Build.0 = Debug|Any CPU
		{5BFC9861-D6F5-F737-4FE2-27F17446BBCE}.Release|Any CPU.ActiveCfg = Release|Any CPU
		{5BFC9861-D6F5-F737-4FE2-27F17446BBCE}.Release|Any CPU.Build.0 = Release|Any CPU
		{FC6180C1-3739-FFF5-9BC9-AD9FCE0DB0C5}.Debug|Any CPU.ActiveCfg = Debug|Any CPU
		{FC6180C1-3739-FFF5-9BC9-AD9FCE0DB0C5}.Debug|Any CPU.Build.0 = Debug|Any CPU
		{FC6180C1-3739-FFF5-9BC9-AD9FCE0DB0C5}.Release|Any CPU.ActiveCfg = Release|Any CPU
		{FC6180C1-3739-FFF5-9BC9-AD9FCE0DB0C5}.Release|Any CPU.Build.0 = Release|Any CPU
		{386758A1-1A1C-706E-4829-E34936D365DE}.Debug|Any CPU.ActiveCfg = Debug|Any CPU
		{386758A1-1A1C-706E-4829-E34936D365DE}.Debug|Any CPU.Build.0 = Debug|Any CPU
		{386758A1-1A1C-706E-4829-E34936D365DE}.Release|Any CPU.ActiveCfg = Release|Any CPU
		{386758A1-1A1C-706E-4829-E34936D365DE}.Release|Any CPU.Build.0 = Release|Any CPU
		{0EEF803E-38C0-B05D-7A33-9381A4AFB72D}.Debug|Any CPU.ActiveCfg = Debug|Any CPU
		{0EEF803E-38C0-B05D-7A33-9381A4AFB72D}.Debug|Any CPU.Build.0 = Debug|Any CPU
		{0EEF803E-38C0-B05D-7A33-9381A4AFB72D}.Release|Any CPU.ActiveCfg = Release|Any CPU
		{0EEF803E-38C0-B05D-7A33-9381A4AFB72D}.Release|Any CPU.Build.0 = Release|Any CPU
		{75AF4D22-0551-ECC9-ECFB-6949B2F3CD73}.Debug|Any CPU.ActiveCfg = Debug|Any CPU
		{75AF4D22-0551-ECC9-ECFB-6949B2F3CD73}.Debug|Any CPU.Build.0 = Debug|Any CPU
		{75AF4D22-0551-ECC9-ECFB-6949B2F3CD73}.Release|Any CPU.ActiveCfg = Release|Any CPU
		{75AF4D22-0551-ECC9-ECFB-6949B2F3CD73}.Release|Any CPU.Build.0 = Release|Any CPU
		{17A729B6-1BA4-6DD8-1644-D11240A3B7E0}.Debug|Any CPU.ActiveCfg = Debug|Any CPU
		{17A729B6-1BA4-6DD8-1644-D11240A3B7E0}.Debug|Any CPU.Build.0 = Debug|Any CPU
		{17A729B6-1BA4-6DD8-1644-D11240A3B7E0}.Release|Any CPU.ActiveCfg = Release|Any CPU
		{17A729B6-1BA4-6DD8-1644-D11240A3B7E0}.Release|Any CPU.Build.0 = Release|Any CPU
		{CAD99649-F6E4-55BE-E559-0F2E4D46EDF3}.Debug|Any CPU.ActiveCfg = Debug|Any CPU
		{CAD99649-F6E4-55BE-E559-0F2E4D46EDF3}.Debug|Any CPU.Build.0 = Debug|Any CPU
		{CAD99649-F6E4-55BE-E559-0F2E4D46EDF3}.Release|Any CPU.ActiveCfg = Release|Any CPU
		{CAD99649-F6E4-55BE-E559-0F2E4D46EDF3}.Release|Any CPU.Build.0 = Release|Any CPU
		{097FB1FC-71A3-DA25-5D02-F148F1ECBACF}.Debug|Any CPU.ActiveCfg = Debug|Any CPU
		{097FB1FC-71A3-DA25-5D02-F148F1ECBACF}.Debug|Any CPU.Build.0 = Debug|Any CPU
		{097FB1FC-71A3-DA25-5D02-F148F1ECBACF}.Release|Any CPU.ActiveCfg = Release|Any CPU
		{097FB1FC-71A3-DA25-5D02-F148F1ECBACF}.Release|Any CPU.Build.0 = Release|Any CPU
		{155E7EC5-491F-6262-352E-92026DD189BA}.Debug|Any CPU.ActiveCfg = Debug|Any CPU
		{155E7EC5-491F-6262-352E-92026DD189BA}.Debug|Any CPU.Build.0 = Debug|Any CPU
		{155E7EC5-491F-6262-352E-92026DD189BA}.Release|Any CPU.ActiveCfg = Release|Any CPU
		{155E7EC5-491F-6262-352E-92026DD189BA}.Release|Any CPU.Build.0 = Release|Any CPU
		{2CBB4B97-3B35-9579-6B94-1E56762B6BCA}.Debug|Any CPU.ActiveCfg = Debug|Any CPU
		{2CBB4B97-3B35-9579-6B94-1E56762B6BCA}.Debug|Any CPU.Build.0 = Debug|Any CPU
		{2CBB4B97-3B35-9579-6B94-1E56762B6BCA}.Release|Any CPU.ActiveCfg = Release|Any CPU
		{2CBB4B97-3B35-9579-6B94-1E56762B6BCA}.Release|Any CPU.Build.0 = Release|Any CPU
		{170DC140-8C29-93FF-D103-5DB6A8076594}.Debug|Any CPU.ActiveCfg = Debug|Any CPU
		{170DC140-8C29-93FF-D103-5DB6A8076594}.Debug|Any CPU.Build.0 = Debug|Any CPU
		{170DC140-8C29-93FF-D103-5DB6A8076594}.Release|Any CPU.ActiveCfg = Release|Any CPU
		{170DC140-8C29-93FF-D103-5DB6A8076594}.Release|Any CPU.Build.0 = Release|Any CPU
		{8FFBAF36-986B-E068-E5B9-B95242EE040C}.Debug|Any CPU.ActiveCfg = Debug|Any CPU
		{8FFBAF36-986B-E068-E5B9-B95242EE040C}.Debug|Any CPU.Build.0 = Debug|Any CPU
		{8FFBAF36-986B-E068-E5B9-B95242EE040C}.Release|Any CPU.ActiveCfg = Release|Any CPU
		{8FFBAF36-986B-E068-E5B9-B95242EE040C}.Release|Any CPU.Build.0 = Release|Any CPU
		{F5007257-D876-A739-2912-467F8485B200}.Debug|Any CPU.ActiveCfg = Debug|Any CPU
		{F5007257-D876-A739-2912-467F8485B200}.Debug|Any CPU.Build.0 = Debug|Any CPU
		{F5007257-D876-A739-2912-467F8485B200}.Release|Any CPU.ActiveCfg = Release|Any CPU
		{F5007257-D876-A739-2912-467F8485B200}.Release|Any CPU.Build.0 = Release|Any CPU
		{DD47F8C0-81FA-5028-5F01-63D5C64E5D62}.Debug|Any CPU.ActiveCfg = Debug|Any CPU
		{DD47F8C0-81FA-5028-5F01-63D5C64E5D62}.Debug|Any CPU.Build.0 = Debug|Any CPU
		{DD47F8C0-81FA-5028-5F01-63D5C64E5D62}.Release|Any CPU.ActiveCfg = Release|Any CPU
		{DD47F8C0-81FA-5028-5F01-63D5C64E5D62}.Release|Any CPU.Build.0 = Release|Any CPU
		{746EB93E-4451-075B-F48C-39ABF5E78737}.Debug|Any CPU.ActiveCfg = Debug|Any CPU
		{746EB93E-4451-075B-F48C-39ABF5E78737}.Debug|Any CPU.Build.0 = Debug|Any CPU
		{746EB93E-4451-075B-F48C-39ABF5E78737}.Release|Any CPU.ActiveCfg = Release|Any CPU
		{746EB93E-4451-075B-F48C-39ABF5E78737}.Release|Any CPU.Build.0 = Release|Any CPU
	EndGlobalSection
	GlobalSection(SolutionProperties) = preSolution
		HideSolutionNode = FALSE
	EndGlobalSection
EndGlobal
